
Microsoft Visual Studio Solution File, Format Version 12.00
# Visual Studio 14
VisualStudioVersion = 14.0.25420.1
MinimumVisualStudioVersion = 10.0.40219.1
Project("{FAE04EC0-301F-11D3-BF4B-00C04F79EFBC}") = "ProfitTracker", "ProfitTracker\ProfitTracker.csproj", "{0A1C253D-DCB1-4B45-A59B-42520332C623}"
EndProject
Project("{FAE04EC0-301F-11D3-BF4B-00C04F79EFBC}") = "ProfitTracker.Models", "..\ProfitTracker.Models\ProfitTracker.Models.csproj", "{6B3E20B6-CC24-4118-9A82-475D46B368B5}"
EndProject
Project("{FAE04EC0-301F-11D3-BF4B-00C04F79EFBC}") = "ProfitTracker.BusinessLayer", "ProfitTracker.BusinessLayer\ProfitTracker.BusinessLayer.csproj", "{E246A85C-E15C-46EC-A1BE-6C069224E1FA}"
EndProject
Project("{FAE04EC0-301F-11D3-BF4B-00C04F79EFBC}") = "ProfitTracker.Data", "ProfitTracker.Data\ProfitTracker.Data.csproj", "{C7901742-0084-4D0E-A380-725840204992}"
EndProject
Global
	GlobalSection(SolutionConfigurationPlatforms) = preSolution
		Debug|Any CPU = Debug|Any CPU
		Release|Any CPU = Release|Any CPU
	EndGlobalSection
	GlobalSection(ProjectConfigurationPlatforms) = postSolution
		{0A1C253D-DCB1-4B45-A59B-42520332C623}.Debug|Any CPU.ActiveCfg = Debug|Any CPU
		{0A1C253D-DCB1-4B45-A59B-42520332C623}.Debug|Any CPU.Build.0 = Debug|Any CPU
		{0A1C253D-DCB1-4B45-A59B-42520332C623}.Release|Any CPU.ActiveCfg = Release|Any CPU
		{0A1C253D-DCB1-4B45-A59B-42520332C623}.Release|Any CPU.Build.0 = Release|Any CPU
		{6B3E20B6-CC24-4118-9A82-475D46B368B5}.Debug|Any CPU.ActiveCfg = Debug|Any CPU
		{6B3E20B6-CC24-4118-9A82-475D46B368B5}.Debug|Any CPU.Build.0 = Debug|Any CPU
		{6B3E20B6-CC24-4118-9A82-475D46B368B5}.Release|Any CPU.ActiveCfg = Release|Any CPU
		{6B3E20B6-CC24-4118-9A82-475D46B368B5}.Release|Any CPU.Build.0 = Release|Any CPU
		{E246A85C-E15C-46EC-A1BE-6C069224E1FA}.Debug|Any CPU.ActiveCfg = Debug|Any CPU
		{E246A85C-E15C-46EC-A1BE-6C069224E1FA}.Debug|Any CPU.Build.0 = Debug|Any CPU
		{E246A85C-E15C-46EC-A1BE-6C069224E1FA}.Release|Any CPU.ActiveCfg = Release|Any CPU
		{E246A85C-E15C-46EC-A1BE-6C069224E1FA}.Release|Any CPU.Build.0 = Release|Any CPU
		{C7901742-0084-4D0E-A380-725840204992}.Debug|Any CPU.ActiveCfg = Debug|Any CPU
		{C7901742-0084-4D0E-A380-725840204992}.Debug|Any CPU.Build.0 = Debug|Any CPU
		{C7901742-0084-4D0E-A380-725840204992}.Release|Any CPU.ActiveCfg = Release|Any CPU
		{C7901742-0084-4D0E-A380-725840204992}.Release|Any CPU.Build.0 = Release|Any CPU
	EndGlobalSection
	GlobalSection(SolutionProperties) = preSolution
		HideSolutionNode = FALSE
	EndGlobalSection
EndGlobal
