
Microsoft Visual Studio Solution File, Format Version 12.00
# Visual Studio 14
VisualStudioVersion = 14.0.25420.1
MinimumVisualStudioVersion = 10.0.40219.1
Project("{FAE04EC0-301F-11D3-BF4B-00C04F79EFBC}") = "ProfitTracker.Api", "ProfitTracker.Api\ProfitTracker.Api.csproj", "{AB26BBDE-A562-458F-8F6A-26B0DD80D196}"
EndProject
Project("{FAE04EC0-301F-11D3-BF4B-00C04F79EFBC}") = "ProfitTracker.Model", "ProfitTracker.Model\ProfitTracker.Model.csproj", "{D668CE36-6D8F-4CCB-BD20-91892DF5182E}"
EndProject
Project("{FAE04EC0-301F-11D3-BF4B-00C04F79EFBC}") = "ProfitTracker.Data", "ProfitTracker.Data\ProfitTracker.Data.csproj", "{9560BDD3-A18E-44B3-91AF-70974065E42A}"
EndProject
Project("{FAE04EC0-301F-11D3-BF4B-00C04F79EFBC}") = "ProfitTracker.BusinessLayer", "ProfitTracker.BusinessLayer\ProfitTracker.BusinessLayer.csproj", "{DFC06F64-CE62-4AAD-9F79-104FF940BCB7}"
EndProject
Project("{FAE04EC0-301F-11D3-BF4B-00C04F79EFBC}") = "ProfitTracker.Dto", "ProfitTracker.Dto\ProfitTracker.Dto.csproj", "{915745A9-6994-4801-A68B-AD8EA3FC2B0D}"
EndProject
Global
	GlobalSection(SolutionConfigurationPlatforms) = preSolution
		Debug|Any CPU = Debug|Any CPU
		Release|Any CPU = Release|Any CPU
	EndGlobalSection
	GlobalSection(ProjectConfigurationPlatforms) = postSolution
		{AB26BBDE-A562-458F-8F6A-26B0DD80D196}.Debug|Any CPU.ActiveCfg = Debug|Any CPU
		{AB26BBDE-A562-458F-8F6A-26B0DD80D196}.Debug|Any CPU.Build.0 = Debug|Any CPU
		{AB26BBDE-A562-458F-8F6A-26B0DD80D196}.Release|Any CPU.ActiveCfg = Release|Any CPU
		{AB26BBDE-A562-458F-8F6A-26B0DD80D196}.Release|Any CPU.Build.0 = Release|Any CPU
		{D668CE36-6D8F-4CCB-BD20-91892DF5182E}.Debug|Any CPU.ActiveCfg = Debug|Any CPU
		{D668CE36-6D8F-4CCB-BD20-91892DF5182E}.Debug|Any CPU.Build.0 = Debug|Any CPU
		{D668CE36-6D8F-4CCB-BD20-91892DF5182E}.Release|Any CPU.ActiveCfg = Release|Any CPU
		{D668CE36-6D8F-4CCB-BD20-91892DF5182E}.Release|Any CPU.Build.0 = Release|Any CPU
		{9560BDD3-A18E-44B3-91AF-70974065E42A}.Debug|Any CPU.ActiveCfg = Debug|Any CPU
		{9560BDD3-A18E-44B3-91AF-70974065E42A}.Debug|Any CPU.Build.0 = Debug|Any CPU
		{9560BDD3-A18E-44B3-91AF-70974065E42A}.Release|Any CPU.ActiveCfg = Release|Any CPU
		{9560BDD3-A18E-44B3-91AF-70974065E42A}.Release|Any CPU.Build.0 = Release|Any CPU
		{DFC06F64-CE62-4AAD-9F79-104FF940BCB7}.Debug|Any CPU.ActiveCfg = Debug|Any CPU
		{DFC06F64-CE62-4AAD-9F79-104FF940BCB7}.Debug|Any CPU.Build.0 = Debug|Any CPU
		{DFC06F64-CE62-4AAD-9F79-104FF940BCB7}.Release|Any CPU.ActiveCfg = Release|Any CPU
		{DFC06F64-CE62-4AAD-9F79-104FF940BCB7}.Release|Any CPU.Build.0 = Release|Any CPU
		{915745A9-6994-4801-A68B-AD8EA3FC2B0D}.Debug|Any CPU.ActiveCfg = Debug|Any CPU
		{915745A9-6994-4801-A68B-AD8EA3FC2B0D}.Debug|Any CPU.Build.0 = Debug|Any CPU
		{915745A9-6994-4801-A68B-AD8EA3FC2B0D}.Release|Any CPU.ActiveCfg = Release|Any CPU
		{915745A9-6994-4801-A68B-AD8EA3FC2B0D}.Release|Any CPU.Build.0 = Release|Any CPU
	EndGlobalSection
	GlobalSection(SolutionProperties) = preSolution
		HideSolutionNode = FALSE
	EndGlobalSection
EndGlobal
